
Microsoft Visual Studio Solution File, Format Version 12.00
# Visual Studio 15
VisualStudioVersion = 15.0.28307.168
MinimumVisualStudioVersion = 10.0.40219.1
Project("{FAE04EC0-301F-11D3-BF4B-00C04F79EFBC}") = "Speedometer", "Speedometer\Speedometer.csproj", "{B80F78B2-CBB7-45EC-996F-39C67BEC96D6}"
EndProject
Global
	GlobalSection(SolutionConfigurationPlatforms) = preSolution
		Debug|Any CPU = Debug|Any CPU
		Release|Any CPU = Release|Any CPU
	EndGlobalSection
	GlobalSection(ProjectConfigurationPlatforms) = postSolution
		{B80F78B2-CBB7-45EC-996F-39C67BEC96D6}.Debug|Any CPU.ActiveCfg = Debug|Any CPU
		{B80F78B2-CBB7-45EC-996F-39C67BEC96D6}.Debug|Any CPU.Build.0 = Debug|Any CPU
		{B80F78B2-CBB7-45EC-996F-39C67BEC96D6}.Release|Any CPU.ActiveCfg = Release|Any CPU
		{B80F78B2-CBB7-45EC-996F-39C67BEC96D6}.Release|Any CPU.Build.0 = Release|Any CPU
	EndGlobalSection
	GlobalSection(SolutionProperties) = preSolution
		HideSolutionNode = FALSE
	EndGlobalSection
	GlobalSection(ExtensibilityGlobals) = postSolution
		SolutionGuid = {C5916C72-5D9D-42A5-9B15-B743838DC46F}
	EndGlobalSection
EndGlobal
